{
  "version": 4,
  "terraform_version": "1.14.3",
  "serial": 37,
  "lineage": "f39f4ff0-3515-8a6f-5159-ee77e40c53f5",
  "outputs": {},
  "resources": [
    {
      "mode": "managed",
      "type": "local_file",
      "name": "bucket_keep",
      "provider": "provider[\"registry.terraform.io/hashicorp/local\"]",
      "instances": [
        {
          "schema_version": 0,
          "attributes": {
            "content": "Simulated object storage bucket for dev\n",
            "content_base64": null,
            "content_base64sha256": "y7vHBJuwSkjV+canXPl/Ura9m+9YhR6etVEewzuKAqA=",
            "content_base64sha512": "fGa3Jx851gzV8F2LDxTKTa3G3lV1kVAAnyxpgcZz7dTkO78Ck0N8eBfEoZScaN+SDO+XusddMXPa7J8YDrfneg==",
            "content_md5": "f1261d95af7622f1c0cfa353d716305c",
            "content_sha1": "236edb798d4505b9a477403c433d5e14743fec89",
            "content_sha256": "cbbbc7049bb04a48d5f9c6a75cf97f52b6bd9bef58851e9eb5511ec33b8a02a0",
            "content_sha512": "7c66b7271f39d60cd5f05d8b0f14ca4dadc6de55759150009f2c6981c673edd4e43bbf0293437c7817c4a1949c68df920cef97bac75d3173daec9f180eb7e77a",
            "directory_permission": "0777",
            "file_permission": "0777",
            "filename": "./project-dev-terraform-bucket-os3rlber/.keep",
            "id": "236edb798d4505b9a477403c433d5e14743fec89",
            "sensitive_content": null,
            "source": null
          },
          "sensitive_attributes": [
            [
              {
                "type": "get_attr",
                "value": "sensitive_content"
              }
            ]
          ],
          "identity_schema_version": 0,
          "dependencies": [
            "null_resource.bucket_dir",
            "random_string.bucket_name"
          ]
        }
      ]
    },
    {
      "mode": "managed",
      "type": "local_file",
      "name": "vm_resources",
      "provider": "provider[\"registry.terraform.io/hashicorp/local\"]",
      "instances": [
        {
          "schema_version": 0,
          "attributes": {
            "content": "{\"cores\":4,\"memory_gb\":8,\"name\":\"project-dev-linux-vm\",\"project_id\":\"dev\",\"subnet\":\"project-dev-subnet\",\"subnet_cidr\":\"192.168.11.0/24\"}",
            "content_base64": null,
            "content_base64sha256": "p73621SggxsUicGoE7vZTVyD8oRdQdgrp+fpsRyl4bw=",
            "content_base64sha512": "oX0FxRIEO+Oafks1JVU/faKcilMJxowHXOnKCiBFj3xj2pH3O/4aYU4wAUoS9az9kMG14yPghM+KVBMKKafsfA==",
            "content_md5": "123ae889d62dd12a15e71759b3b745ad",
            "content_sha1": "92c9b980125cb3c90727f4133a1ef25f6d77451b",
            "content_sha256": "a7bdfadb54a0831b1489c1a813bbd94d5c83f2845d41d82ba7e7e9b11ca5e1bc",
            "content_sha512": "a17d05c512043be39a7e4b3525553f7da29c8a5309c68c075ce9ca0a20458f7c63da91f73bfe1a614e30014a12f5acfd90c1b5e323e084cf8a54130a29a7ec7c",
            "directory_permission": "0777",
            "file_permission": "0777",
            "filename": "./vm_resources.json",
            "id": "92c9b980125cb3c90727f4133a1ef25f6d77451b",
            "sensitive_content": null,
            "source": null
          },
          "sensitive_attributes": [
            [
              {
                "type": "get_attr",
                "value": "sensitive_content"
              }
            ]
          ],
          "identity_schema_version": 0,
          "dependencies": [
            "terraform_data.vm"
          ]
        }
      ]
    },
    {
      "mode": "managed",
      "type": "null_resource",
      "name": "bucket_dir",
      "provider": "provider[\"registry.terraform.io/hashicorp/null\"]",
      "instances": [
        {
          "schema_version": 0,
          "attributes": {
            "id": "3054402708603926588",
            "triggers": {
              "dir": "./project-dev-terraform-bucket-os3rlber"
            }
          },
          "sensitive_attributes": [],
          "identity_schema_version": 0,
          "dependencies": [
            "random_string.bucket_name"
          ]
        }
      ]
    },
    {
      "mode": "managed",
      "type": "random_string",
      "name": "bucket_name",
      "provider": "provider[\"registry.terraform.io/hashicorp/random\"]",
      "instances": [
        {
          "schema_version": 2,
          "attributes": {
            "id": "os3rlber",
            "keepers": null,
            "length": 8,
            "lower": true,
            "min_lower": 0,
            "min_numeric": 0,
            "min_special": 0,
            "min_upper": 0,
            "number": true,
            "numeric": true,
            "override_special": null,
            "result": "os3rlber",
            "special": false,
            "upper": false
          },
          "sensitive_attributes": [],
          "identity_schema_version": 0
        }
      ]
    },
    {
      "mode": "managed",
      "type": "terraform_data",
      "name": "vm",
      "provider": "provider[\"terraform.io/builtin/terraform\"]",
      "instances": [
        {
          "schema_version": 0,
          "attributes": {
            "id": "bfed67b7-1fa8-ac2a-f016-597c3cdab91d",
            "input": {
              "value": {
                "cores": 4,
                "memory_gb": 8,
                "name": "project-dev-linux-vm",
                "project_id": "dev",
                "subnet": "project-dev-subnet",
                "subnet_cidr": "192.168.11.0/24"
              },
              "type": [
                "object",
                {
                  "cores": "number",
                  "memory_gb": "number",
                  "name": "string",
                  "project_id": "string",
                  "subnet": "string",
                  "subnet_cidr": "string"
                }
              ]
            },
            "output": {
              "value": {
                "cores": 4,
                "memory_gb": 8,
                "name": "project-dev-linux-vm",
                "project_id": "dev",
                "subnet": "project-dev-subnet",
                "subnet_cidr": "192.168.11.0/24"
              },
              "type": [
                "object",
                {
                  "cores": "number",
                  "memory_gb": "number",
                  "name": "string",
                  "project_id": "string",
                  "subnet": "string",
                  "subnet_cidr": "string"
                }
              ]
            },
            "triggers_replace": null
          },
          "sensitive_attributes": [],
          "identity_schema_version": 0
        }
      ]
    }
  ],
  "check_results": null
}
